
Microsoft Visual Studio Solution File, Format Version 12.00
# Visual Studio Version 16
VisualStudioVersion = 16.0.31129.286
MinimumVisualStudioVersion = 10.0.40219.1
Project("{8BC9CEB8-8B4A-11D0-8D11-00A0C91BC942}") = "Rand, srand", "Rand, srand\Rand, srand.vcxproj", "{18D55AB6-20DC-4673-ABFB-4414759BFB49}"
EndProject
Global
	GlobalSection(SolutionConfigurationPlatforms) = preSolution
		Debug|x64 = Debug|x64
		Debug|x86 = Debug|x86
		Release|x64 = Release|x64
		Release|x86 = Release|x86
	EndGlobalSection
	GlobalSection(ProjectConfigurationPlatforms) = postSolution
		{18D55AB6-20DC-4673-ABFB-4414759BFB49}.Debug|x64.ActiveCfg = Debug|x64
		{18D55AB6-20DC-4673-ABFB-4414759BFB49}.Debug|x64.Build.0 = Debug|x64
		{18D55AB6-20DC-4673-ABFB-4414759BFB49}.Debug|x86.ActiveCfg = Debug|Win32
		{18D55AB6-20DC-4673-ABFB-4414759BFB49}.Debug|x86.Build.0 = Debug|Win32
		{18D55AB6-20DC-4673-ABFB-4414759BFB49}.Release|x64.ActiveCfg = Release|x64
		{18D55AB6-20DC-4673-ABFB-4414759BFB49}.Release|x64.Build.0 = Release|x64
		{18D55AB6-20DC-4673-ABFB-4414759BFB49}.Release|x86.ActiveCfg = Release|Win32
		{18D55AB6-20DC-4673-ABFB-4414759BFB49}.Release|x86.Build.0 = Release|Win32
	EndGlobalSection
	GlobalSection(SolutionProperties) = preSolution
		HideSolutionNode = FALSE
	EndGlobalSection
	GlobalSection(ExtensibilityGlobals) = postSolution
		SolutionGuid = {9FDCB801-1AAE-4B2E-A85F-25971ADF2425}
	EndGlobalSection
EndGlobal
